// !$*UTF8*$!
{
	archiveVersion = 1;
	classes = {
	};
	objectVersion = 48;
	objects = {

/* Begin PBXBuildFile section */
		A51603F5201AE00A00DCD761 /* jimg.c in Sources */ = {isa = PBXBuildFile; fileRef = A51603F4201AE00A00DCD761 /* jimg.c */; };
		A51603F6201AE00A00DCD761 /* jimg.c in Sources */ = {isa = PBXBuildFile; fileRef = A51603F4201AE00A00DCD761 /* jimg.c */; };
		A51603F9201BA8EA00DCD761 /* jentropydec.c in Sources */ = {isa = PBXBuildFile; fileRef = A51603F8201BA8EA00DCD761 /* jentropydec.c */; };
		A51603FA201BA8EA00DCD761 /* jentropydec.c in Sources */ = {isa = PBXBuildFile; fileRef = A51603F8201BA8EA00DCD761 /* jentropydec.c */; };
		A5500B221FF50D3400F5A216 /* jpegdec.c in Sources */ = {isa = PBXBuildFile; fileRef = A5500B211FF50D3400F5A216 /* jpegdec.c */; };
		A5500B231FF50D3400F5A216 /* jpegdec.c in Sources */ = {isa = PBXBuildFile; fileRef = A5500B211FF50D3400F5A216 /* jpegdec.c */; };
		A591AEB2202D83AD009AC950 /* jquantdec.c in Sources */ = {isa = PBXBuildFile; fileRef = A591AEB1202D83AD009AC950 /* jquantdec.c */; };
		A591AEB3202D83AD009AC950 /* jquantdec.c in Sources */ = {isa = PBXBuildFile; fileRef = A591AEB1202D83AD009AC950 /* jquantdec.c */; };
		A591AEB6202E76C8009AC950 /* jdct.c in Sources */ = {isa = PBXBuildFile; fileRef = A591AEB5202E76C8009AC950 /* jdct.c */; };
		A591AEB7202E76C8009AC950 /* jdct.c in Sources */ = {isa = PBXBuildFile; fileRef = A591AEB5202E76C8009AC950 /* jdct.c */; };
		A59E93491FEE5778004A9F48 /* JifDecoder.m in Sources */ = {isa = PBXBuildFile; fileRef = A59E93481FEE5778004A9F48 /* JifDecoder.m */; };
		A59E934A1FEE5778004A9F48 /* JifDecoder.m in Sources */ = {isa = PBXBuildFile; fileRef = A59E93481FEE5778004A9F48 /* JifDecoder.m */; };
		A59E934E1FF3ED30004A9F48 /* ImageIO.framework in Frameworks */ = {isa = PBXBuildFile; fileRef = A59E934D1FF3ED2F004A9F48 /* ImageIO.framework */; };
		A59E934F1FF3ED3C004A9F48 /* ImageIO.framework in Frameworks */ = {isa = PBXBuildFile; fileRef = A59E934D1FF3ED2F004A9F48 /* ImageIO.framework */; };
		A5B8C0B220117109002A3E0D /* jif.c in Sources */ = {isa = PBXBuildFile; fileRef = A5B8C0B120117109002A3E0D /* jif.c */; };
		A5B8C0B320117109002A3E0D /* jif.c in Sources */ = {isa = PBXBuildFile; fileRef = A5B8C0B120117109002A3E0D /* jif.c */; };
		A5F71D1A1F83D11B00B045C9 /* AppDelegate.m in Sources */ = {isa = PBXBuildFile; fileRef = A5F71D191F83D11B00B045C9 /* AppDelegate.m */; };
		A5F71D1D1F83D11B00B045C9 /* ViewController.m in Sources */ = {isa = PBXBuildFile; fileRef = A5F71D1C1F83D11B00B045C9 /* ViewController.m */; };
		A5F71D1F1F83D11B00B045C9 /* Assets.xcassets in Resources */ = {isa = PBXBuildFile; fileRef = A5F71D1E1F83D11B00B045C9 /* Assets.xcassets */; };
		A5F71D221F83D11B00B045C9 /* Main.storyboard in Resources */ = {isa = PBXBuildFile; fileRef = A5F71D201F83D11B00B045C9 /* Main.storyboard */; };
		A5F71D251F83D11B00B045C9 /* main.m in Sources */ = {isa = PBXBuildFile; fileRef = A5F71D241F83D11B00B045C9 /* main.m */; };
		A5F71D301F83D11B00B045C9 /* MangamixTests.m in Sources */ = {isa = PBXBuildFile; fileRef = A5F71D2F1F83D11B00B045C9 /* MangamixTests.m */; };
		A5F71D3B1F83D11B00B045C9 /* MangamixUITests.m in Sources */ = {isa = PBXBuildFile; fileRef = A5F71D3A1F83D11B00B045C9 /* MangamixUITests.m */; };
		A5FFC1F72012B27700A4A9CD /* baseline-optimized-ps.jpg in Resources */ = {isa = PBXBuildFile; fileRef = A5FFC1F52012B27700A4A9CD /* baseline-optimized-ps.jpg */; settings = {ASSET_TAGS = ("sample jpg", ); }; };
		A5FFC1F82012B27700A4A9CD /* baseline-standard.jpg in Resources */ = {isa = PBXBuildFile; fileRef = A5FFC1F62012B27700A4A9CD /* baseline-standard.jpg */; settings = {ASSET_TAGS = ("sample jpg", ); }; };
/* End PBXBuildFile section */

/* Begin PBXContainerItemProxy section */
		A5F71D2C1F83D11B00B045C9 /* PBXContainerItemProxy */ = {
			isa = PBXContainerItemProxy;
			containerPortal = A5F71D0D1F83D11B00B045C9 /* Project object */;
			proxyType = 1;
			remoteGlobalIDString = A5F71D141F83D11B00B045C9;
			remoteInfo = Mangamix;
		};
		A5F71D371F83D11B00B045C9 /* PBXContainerItemProxy */ = {
			isa = PBXContainerItemProxy;
			containerPortal = A5F71D0D1F83D11B00B045C9 /* Project object */;
			proxyType = 1;
			remoteGlobalIDString = A5F71D141F83D11B00B045C9;
			remoteInfo = Mangamix;
		};
/* End PBXContainerItemProxy section */

/* Begin PBXFileReference section */
		A51603F3201AE00A00DCD761 /* jimg.h */ = {isa = PBXFileReference; lastKnownFileType = sourcecode.c.h; path = jimg.h; sourceTree = "<group>"; };
		A51603F4201AE00A00DCD761 /* jimg.c */ = {isa = PBXFileReference; lastKnownFileType = sourcecode.c.c; path = jimg.c; sourceTree = "<group>"; };
		A51603F7201BA8EA00DCD761 /* jentropydec.h */ = {isa = PBXFileReference; lastKnownFileType = sourcecode.c.h; path = jentropydec.h; sourceTree = "<group>"; };
		A51603F8201BA8EA00DCD761 /* jentropydec.c */ = {isa = PBXFileReference; lastKnownFileType = sourcecode.c.c; path = jentropydec.c; sourceTree = "<group>"; };
		A51603FF201BA9D700DCD761 /* jtypes.h */ = {isa = PBXFileReference; lastKnownFileType = sourcecode.c.h; path = jtypes.h; sourceTree = "<group>"; };
		A5500B201FF50D3400F5A216 /* jpegdec.h */ = {isa = PBXFileReference; lastKnownFileType = sourcecode.c.h; path = jpegdec.h; sourceTree = "<group>"; };
		A5500B211FF50D3400F5A216 /* jpegdec.c */ = {isa = PBXFileReference; lastKnownFileType = sourcecode.c.c; path = jpegdec.c; sourceTree = "<group>"; };
		A557EABD2004065C00893FDC /* jif.h */ = {isa = PBXFileReference; fileEncoding = 4; lastKnownFileType = sourcecode.c.h; path = jif.h; sourceTree = "<group>"; };
		A591AEB0202D83AD009AC950 /* jquantdec.h */ = {isa = PBXFileReference; lastKnownFileType = sourcecode.c.h; path = jquantdec.h; sourceTree = "<group>"; };
		A591AEB1202D83AD009AC950 /* jquantdec.c */ = {isa = PBXFileReference; lastKnownFileType = sourcecode.c.c; path = jquantdec.c; sourceTree = "<group>"; };
		A591AEB4202E76C8009AC950 /* jdct.h */ = {isa = PBXFileReference; lastKnownFileType = sourcecode.c.h; path = jdct.h; sourceTree = "<group>"; };
		A591AEB5202E76C8009AC950 /* jdct.c */ = {isa = PBXFileReference; lastKnownFileType = sourcecode.c.c; path = jdct.c; sourceTree = "<group>"; };
		A59E93471FEE5778004A9F48 /* JifDecoder.h */ = {isa = PBXFileReference; lastKnownFileType = sourcecode.c.h; path = JifDecoder.h; sourceTree = "<group>"; };
		A59E93481FEE5778004A9F48 /* JifDecoder.m */ = {isa = PBXFileReference; lastKnownFileType = sourcecode.c.objc; path = JifDecoder.m; sourceTree = "<group>"; };
		A59E934D1FF3ED2F004A9F48 /* ImageIO.framework */ = {isa = PBXFileReference; lastKnownFileType = wrapper.framework; name = ImageIO.framework; path = System/Library/Frameworks/ImageIO.framework; sourceTree = SDKROOT; };
		A5B8C0B120117109002A3E0D /* jif.c */ = {isa = PBXFileReference; lastKnownFileType = sourcecode.c.c; path = jif.c; sourceTree = "<group>"; };
		A5F71D151F83D11B00B045C9 /* Mangamix.app */ = {isa = PBXFileReference; explicitFileType = wrapper.application; includeInIndex = 0; path = Mangamix.app; sourceTree = BUILT_PRODUCTS_DIR; };
		A5F71D181F83D11B00B045C9 /* AppDelegate.h */ = {isa = PBXFileReference; lastKnownFileType = sourcecode.c.h; path = AppDelegate.h; sourceTree = "<group>"; };
		A5F71D191F83D11B00B045C9 /* AppDelegate.m */ = {isa = PBXFileReference; lastKnownFileType = sourcecode.c.objc; path = AppDelegate.m; sourceTree = "<group>"; };
		A5F71D1B1F83D11B00B045C9 /* ViewController.h */ = {isa = PBXFileReference; lastKnownFileType = sourcecode.c.h; path = ViewController.h; sourceTree = "<group>"; };
		A5F71D1C1F83D11B00B045C9 /* ViewController.m */ = {isa = PBXFileReference; lastKnownFileType = sourcecode.c.objc; path = ViewController.m; sourceTree = "<group>"; };
		A5F71D1E1F83D11B00B045C9 /* Assets.xcassets */ = {isa = PBXFileReference; lastKnownFileType = folder.assetcatalog; path = Assets.xcassets; sourceTree = "<group>"; };
		A5F71D211F83D11B00B045C9 /* Base */ = {isa = PBXFileReference; lastKnownFileType = file.storyboard; name = Base; path = Base.lproj/Main.storyboard; sourceTree = "<group>"; };
		A5F71D231F83D11B00B045C9 /* Info.plist */ = {isa = PBXFileReference; lastKnownFileType = text.plist.xml; path = Info.plist; sourceTree = "<group>"; };
		A5F71D241F83D11B00B045C9 /* main.m */ = {isa = PBXFileReference; lastKnownFileType = sourcecode.c.objc; path = main.m; sourceTree = "<group>"; };
		A5F71D261F83D11B00B045C9 /* Mangamix.entitlements */ = {isa = PBXFileReference; lastKnownFileType = text.plist.entitlements; path = Mangamix.entitlements; sourceTree = "<group>"; };
		A5F71D2B1F83D11B00B045C9 /* MangamixTests.xctest */ = {isa = PBXFileReference; explicitFileType = wrapper.cfbundle; includeInIndex = 0; path = MangamixTests.xctest; sourceTree = BUILT_PRODUCTS_DIR; };
		A5F71D2F1F83D11B00B045C9 /* MangamixTests.m */ = {isa = PBXFileReference; lastKnownFileType = sourcecode.c.objc; path = MangamixTests.m; sourceTree = "<group>"; };
		A5F71D311F83D11B00B045C9 /* Info.plist */ = {isa = PBXFileReference; lastKnownFileType = text.plist.xml; path = Info.plist; sourceTree = "<group>"; };
		A5F71D361F83D11B00B045C9 /* MangamixUITests.xctest */ = {isa = PBXFileReference; explicitFileType = wrapper.cfbundle; includeInIndex = 0; path = MangamixUITests.xctest; sourceTree = BUILT_PRODUCTS_DIR; };
		A5F71D3A1F83D11B00B045C9 /* MangamixUITests.m */ = {isa = PBXFileReference; lastKnownFileType = sourcecode.c.objc; path = MangamixUITests.m; sourceTree = "<group>"; };
		A5F71D3C1F83D11B00B045C9 /* Info.plist */ = {isa = PBXFileReference; lastKnownFileType = text.plist.xml; path = Info.plist; sourceTree = "<group>"; };
		A5FFC1F52012B27700A4A9CD /* baseline-optimized-ps.jpg */ = {isa = PBXFileReference; lastKnownFileType = image.jpeg; path = "baseline-optimized-ps.jpg"; sourceTree = "<group>"; };
		A5FFC1F62012B27700A4A9CD /* baseline-standard.jpg */ = {isa = PBXFileReference; lastKnownFileType = image.jpeg; path = "baseline-standard.jpg"; sourceTree = "<group>"; };
/* End PBXFileReference section */

/* Begin PBXFrameworksBuildPhase section */
		A5F71D121F83D11B00B045C9 /* Frameworks */ = {
			isa = PBXFrameworksBuildPhase;
			buildActionMask = 2147483647;
			files = (
				A59E934E1FF3ED30004A9F48 /* ImageIO.framework in Frameworks */,
			);
			runOnlyForDeploymentPostprocessing = 0;
		};
		A5F71D281F83D11B00B045C9 /* Frameworks */ = {
			isa = PBXFrameworksBuildPhase;
			buildActionMask = 2147483647;
			files = (
				A59E934F1FF3ED3C004A9F48 /* ImageIO.framework in Frameworks */,
			);
			runOnlyForDeploymentPostprocessing = 0;
		};
		A5F71D331F83D11B00B045C9 /* Frameworks */ = {
			isa = PBXFrameworksBuildPhase;
			buildActionMask = 2147483647;
			files = (
			);
			runOnlyForDeploymentPostprocessing = 0;
		};
/* End PBXFrameworksBuildPhase section */

/* Begin PBXGroup section */
		A59E93331FE7D62B004A9F48 /* jpeg */ = {
			isa = PBXGroup;
			children = (
				A51603FF201BA9D700DCD761 /* jtypes.h */,
				A557EABD2004065C00893FDC /* jif.h */,
				A5B8C0B120117109002A3E0D /* jif.c */,
				A51603F3201AE00A00DCD761 /* jimg.h */,
				A51603F4201AE00A00DCD761 /* jimg.c */,
				A51603F7201BA8EA00DCD761 /* jentropydec.h */,
				A51603F8201BA8EA00DCD761 /* jentropydec.c */,
				A591AEB4202E76C8009AC950 /* jdct.h */,
				A591AEB5202E76C8009AC950 /* jdct.c */,
				A591AEB0202D83AD009AC950 /* jquantdec.h */,
				A591AEB1202D83AD009AC950 /* jquantdec.c */,
				A5500B201FF50D3400F5A216 /* jpegdec.h */,
				A5500B211FF50D3400F5A216 /* jpegdec.c */,
				A59E93471FEE5778004A9F48 /* JifDecoder.h */,
				A59E93481FEE5778004A9F48 /* JifDecoder.m */,
			);
			path = jpeg;
			sourceTree = "<group>";
		};
		A59E934C1FF3ED2F004A9F48 /* Frameworks */ = {
			isa = PBXGroup;
			children = (
				A59E934D1FF3ED2F004A9F48 /* ImageIO.framework */,
			);
			name = Frameworks;
			sourceTree = "<group>";
		};
		A5F71D0C1F83D11B00B045C9 = {
			isa = PBXGroup;
			children = (
				A5F71D171F83D11B00B045C9 /* Mangamix */,
				A5F71D2E1F83D11B00B045C9 /* MangamixTests */,
				A5F71D391F83D11B00B045C9 /* MangamixUITests */,
				A5F71D161F83D11B00B045C9 /* Products */,
				A59E934C1FF3ED2F004A9F48 /* Frameworks */,
			);
			sourceTree = "<group>";
		};
		A5F71D161F83D11B00B045C9 /* Products */ = {
			isa = PBXGroup;
			children = (
				A5F71D151F83D11B00B045C9 /* Mangamix.app */,
				A5F71D2B1F83D11B00B045C9 /* MangamixTests.xctest */,
				A5F71D361F83D11B00B045C9 /* MangamixUITests.xctest */,
			);
			name = Products;
			sourceTree = "<group>";
		};
		A5F71D171F83D11B00B045C9 /* Mangamix */ = {
			isa = PBXGroup;
			children = (
				A59E93331FE7D62B004A9F48 /* jpeg */,
				A5F71D181F83D11B00B045C9 /* AppDelegate.h */,
				A5F71D191F83D11B00B045C9 /* AppDelegate.m */,
				A5F71D1B1F83D11B00B045C9 /* ViewController.h */,
				A5F71D1C1F83D11B00B045C9 /* ViewController.m */,
				A5F71D1E1F83D11B00B045C9 /* Assets.xcassets */,
				A5F71D201F83D11B00B045C9 /* Main.storyboard */,
				A5F71D231F83D11B00B045C9 /* Info.plist */,
				A5F71D241F83D11B00B045C9 /* main.m */,
				A5F71D261F83D11B00B045C9 /* Mangamix.entitlements */,
			);
			path = Mangamix;
			sourceTree = "<group>";
		};
		A5F71D2E1F83D11B00B045C9 /* MangamixTests */ = {
			isa = PBXGroup;
			children = (
				A5FFC1FB2012B2F500A4A9CD /* sample */,
				A5F71D2F1F83D11B00B045C9 /* MangamixTests.m */,
				A5F71D311F83D11B00B045C9 /* Info.plist */,
			);
			path = MangamixTests;
			sourceTree = "<group>";
		};
		A5F71D391F83D11B00B045C9 /* MangamixUITests */ = {
			isa = PBXGroup;
			children = (
				A5F71D3A1F83D11B00B045C9 /* MangamixUITests.m */,
				A5F71D3C1F83D11B00B045C9 /* Info.plist */,
			);
			path = MangamixUITests;
			sourceTree = "<group>";
		};
		A5FFC1FB2012B2F500A4A9CD /* sample */ = {
			isa = PBXGroup;
			children = (
				A5FFC1F52012B27700A4A9CD /* baseline-optimized-ps.jpg */,
				A5FFC1F62012B27700A4A9CD /* baseline-standard.jpg */,
			);
			path = sample;
			sourceTree = "<group>";
		};
/* End PBXGroup section */

/* Begin PBXNativeTarget section */
		A5F71D141F83D11B00B045C9 /* Mangamix */ = {
			isa = PBXNativeTarget;
			buildConfigurationList = A5F71D3F1F83D11B00B045C9 /* Build configuration list for PBXNativeTarget "Mangamix" */;
			buildPhases = (
				A5F71D111F83D11B00B045C9 /* Sources */,
				A5F71D121F83D11B00B045C9 /* Frameworks */,
				A5F71D131F83D11B00B045C9 /* Resources */,
			);
			buildRules = (
			);
			dependencies = (
			);
			name = Mangamix;
			productName = Mangamix;
			productReference = A5F71D151F83D11B00B045C9 /* Mangamix.app */;
			productType = "com.apple.product-type.application";
		};
		A5F71D2A1F83D11B00B045C9 /* MangamixTests */ = {
			isa = PBXNativeTarget;
			buildConfigurationList = A5F71D421F83D11B00B045C9 /* Build configuration list for PBXNativeTarget "MangamixTests" */;
			buildPhases = (
				A5F71D271F83D11B00B045C9 /* Sources */,
				A5F71D281F83D11B00B045C9 /* Frameworks */,
				A5F71D291F83D11B00B045C9 /* Resources */,
			);
			buildRules = (
			);
			dependencies = (
				A5F71D2D1F83D11B00B045C9 /* PBXTargetDependency */,
			);
			name = MangamixTests;
			productName = MangamixTests;
			productReference = A5F71D2B1F83D11B00B045C9 /* MangamixTests.xctest */;
			productType = "com.apple.product-type.bundle.unit-test";
		};
		A5F71D351F83D11B00B045C9 /* MangamixUITests */ = {
			isa = PBXNativeTarget;
			buildConfigurationList = A5F71D451F83D11B00B045C9 /* Build configuration list for PBXNativeTarget "MangamixUITests" */;
			buildPhases = (
				A5F71D321F83D11B00B045C9 /* Sources */,
				A5F71D331F83D11B00B045C9 /* Frameworks */,
				A5F71D341F83D11B00B045C9 /* Resources */,
			);
			buildRules = (
			);
			dependencies = (
				A5F71D381F83D11B00B045C9 /* PBXTargetDependency */,
			);
			name = MangamixUITests;
			productName = MangamixUITests;
			productReference = A5F71D361F83D11B00B045C9 /* MangamixUITests.xctest */;
			productType = "com.apple.product-type.bundle.ui-testing";
		};
/* End PBXNativeTarget section */

/* Begin PBXProject section */
		A5F71D0D1F83D11B00B045C9 /* Project object */ = {
			isa = PBXProject;
			attributes = {
				KnownAssetTags = (
					"sample jpg",
				);
				LastUpgradeCheck = 0900;
				ORGANIZATIONNAME = theme;
				TargetAttributes = {
					A5F71D141F83D11B00B045C9 = {
						CreatedOnToolsVersion = 9.0;
						ProvisioningStyle = Automatic;
					};
					A5F71D2A1F83D11B00B045C9 = {
						CreatedOnToolsVersion = 9.0;
						ProvisioningStyle = Automatic;
						TestTargetID = A5F71D141F83D11B00B045C9;
					};
					A5F71D351F83D11B00B045C9 = {
						CreatedOnToolsVersion = 9.0;
						ProvisioningStyle = Automatic;
						TestTargetID = A5F71D141F83D11B00B045C9;
					};
				};
			};
			buildConfigurationList = A5F71D101F83D11B00B045C9 /* Build configuration list for PBXProject "Mangamix" */;
			compatibilityVersion = "Xcode 8.0";
			developmentRegion = en;
			hasScannedForEncodings = 0;
			knownRegions = (
				en,
				Base,
			);
			mainGroup = A5F71D0C1F83D11B00B045C9;
			productRefGroup = A5F71D161F83D11B00B045C9 /* Products */;
			projectDirPath = "";
			projectRoot = "";
			targets = (
				A5F71D141F83D11B00B045C9 /* Mangamix */,
				A5F71D2A1F83D11B00B045C9 /* MangamixTests */,
				A5F71D351F83D11B00B045C9 /* MangamixUITests */,
			);
		};
/* End PBXProject section */

/* Begin PBXResourcesBuildPhase section */
		A5F71D131F83D11B00B045C9 /* Resources */ = {
			isa = PBXResourcesBuildPhase;
			buildActionMask = 2147483647;
			files = (
				A5F71D1F1F83D11B00B045C9 /* Assets.xcassets in Resources */,
				A5F71D221F83D11B00B045C9 /* Main.storyboard in Resources */,
			);
			runOnlyForDeploymentPostprocessing = 0;
		};
		A5F71D291F83D11B00B045C9 /* Resources */ = {
			isa = PBXResourcesBuildPhase;
			buildActionMask = 2147483647;
			files = (
				A5FFC1F72012B27700A4A9CD /* baseline-optimized-ps.jpg in Resources */,
				A5FFC1F82012B27700A4A9CD /* baseline-standard.jpg in Resources */,
			);
			runOnlyForDeploymentPostprocessing = 0;
		};
		A5F71D341F83D11B00B045C9 /* Resources */ = {
			isa = PBXResourcesBuildPhase;
			buildActionMask = 2147483647;
			files = (
			);
			runOnlyForDeploymentPostprocessing = 0;
		};
/* End PBXResourcesBuildPhase section */

/* Begin PBXSourcesBuildPhase section */
		A5F71D111F83D11B00B045C9 /* Sources */ = {
			isa = PBXSourcesBuildPhase;
			buildActionMask = 2147483647;
			files = (
				A591AEB6202E76C8009AC950 /* jdct.c in Sources */,
				A5F71D1D1F83D11B00B045C9 /* ViewController.m in Sources */,
				A5500B221FF50D3400F5A216 /* jpegdec.c in Sources */,
				A5F71D251F83D11B00B045C9 /* main.m in Sources */,
				A591AEB2202D83AD009AC950 /* jquantdec.c in Sources */,
				A5B8C0B220117109002A3E0D /* jif.c in Sources */,
				A59E93491FEE5778004A9F48 /* JifDecoder.m in Sources */,
				A51603F9201BA8EA00DCD761 /* jentropydec.c in Sources */,
				A51603F5201AE00A00DCD761 /* jimg.c in Sources */,
				A5F71D1A1F83D11B00B045C9 /* AppDelegate.m in Sources */,
			);
			runOnlyForDeploymentPostprocessing = 0;
		};
		A5F71D271F83D11B00B045C9 /* Sources */ = {
			isa = PBXSourcesBuildPhase;
			buildActionMask = 2147483647;
			files = (
				A51603F6201AE00A00DCD761 /* jimg.c in Sources */,
				A5500B231FF50D3400F5A216 /* jpegdec.c in Sources */,
				A591AEB3202D83AD009AC950 /* jquantdec.c in Sources */,
				A59E934A1FEE5778004A9F48 /* JifDecoder.m in Sources */,
				A591AEB7202E76C8009AC950 /* jdct.c in Sources */,
				A51603FA201BA8EA00DCD761 /* jentropydec.c in Sources */,
				A5F71D301F83D11B00B045C9 /* MangamixTests.m in Sources */,
				A5B8C0B320117109002A3E0D /* jif.c in Sources */,
			);
			runOnlyForDeploymentPostprocessing = 0;
		};
		A5F71D321F83D11B00B045C9 /* Sources */ = {
			isa = PBXSourcesBuildPhase;
			buildActionMask = 2147483647;
			files = (
				A5F71D3B1F83D11B00B045C9 /* MangamixUITests.m in Sources */,
			);
			runOnlyForDeploymentPostprocessing = 0;
		};
/* End PBXSourcesBuildPhase section */

/* Begin PBXTargetDependency section */
		A5F71D2D1F83D11B00B045C9 /* PBXTargetDependency */ = {
			isa = PBXTargetDependency;
			target = A5F71D141F83D11B00B045C9 /* Mangamix */;
			targetProxy = A5F71D2C1F83D11B00B045C9 /* PBXContainerItemProxy */;
		};
		A5F71D381F83D11B00B045C9 /* PBXTargetDependency */ = {
			isa = PBXTargetDependency;
			target = A5F71D141F83D11B00B045C9 /* Mangamix */;
			targetProxy = A5F71D371F83D11B00B045C9 /* PBXContainerItemProxy */;
		};
/* End PBXTargetDependency section */

/* Begin PBXVariantGroup section */
		A5F71D201F83D11B00B045C9 /* Main.storyboard */ = {
			isa = PBXVariantGroup;
			children = (
				A5F71D211F83D11B00B045C9 /* Base */,
			);
			name = Main.storyboard;
			sourceTree = "<group>";
		};
/* End PBXVariantGroup section */

/* Begin XCBuildConfiguration section */
		A5F71D3D1F83D11B00B045C9 /* Debug */ = {
			isa = XCBuildConfiguration;
			buildSettings = {
				ALWAYS_SEARCH_USER_PATHS = NO;
				CLANG_ANALYZER_NONNULL = YES;
				CLANG_ANALYZER_NUMBER_OBJECT_CONVERSION = YES_AGGRESSIVE;
				CLANG_CXX_LANGUAGE_STANDARD = "gnu++14";
				CLANG_CXX_LIBRARY = "libc++";
				CLANG_ENABLE_MODULES = YES;
				CLANG_ENABLE_OBJC_ARC = YES;
				CLANG_WARN_BLOCK_CAPTURE_AUTORELEASING = YES;
				CLANG_WARN_BOOL_CONVERSION = YES;
				CLANG_WARN_COMMA = YES;
				CLANG_WARN_CONSTANT_CONVERSION = YES;
				CLANG_WARN_DIRECT_OBJC_ISA_USAGE = YES_ERROR;
				CLANG_WARN_DOCUMENTATION_COMMENTS = YES;
				CLANG_WARN_EMPTY_BODY = YES;
				CLANG_WARN_ENUM_CONVERSION = YES;
				CLANG_WARN_INFINITE_RECURSION = YES;
				CLANG_WARN_INT_CONVERSION = YES;
				CLANG_WARN_NON_LITERAL_NULL_CONVERSION = YES;
				CLANG_WARN_OBJC_LITERAL_CONVERSION = YES;
				CLANG_WARN_OBJC_ROOT_CLASS = YES_ERROR;
				CLANG_WARN_RANGE_LOOP_ANALYSIS = YES;
				CLANG_WARN_STRICT_PROTOTYPES = YES;
				CLANG_WARN_SUSPICIOUS_MOVE = YES;
				CLANG_WARN_UNGUARDED_AVAILABILITY = YES_AGGRESSIVE;
				CLANG_WARN_UNREACHABLE_CODE = YES;
				CLANG_WARN__DUPLICATE_METHOD_MATCH = YES;
				CODE_SIGN_IDENTITY = "-";
				COPY_PHASE_STRIP = NO;
				DEBUG_INFORMATION_FORMAT = dwarf;
				ENABLE_STRICT_OBJC_MSGSEND = YES;
				ENABLE_TESTABILITY = YES;
				GCC_C_LANGUAGE_STANDARD = gnu11;
				GCC_DYNAMIC_NO_PIC = NO;
				GCC_NO_COMMON_BLOCKS = YES;
				GCC_OPTIMIZATION_LEVEL = 0;
				GCC_PREPROCESSOR_DEFINITIONS = (
					"DEBUG=1",
					"$(inherited)",
				);
				GCC_WARN_64_TO_32_BIT_CONVERSION = YES;
				GCC_WARN_ABOUT_RETURN_TYPE = YES_ERROR;
				GCC_WARN_UNDECLARED_SELECTOR = YES;
				GCC_WARN_UNINITIALIZED_AUTOS = YES_AGGRESSIVE;
				GCC_WARN_UNUSED_FUNCTION = YES;
				GCC_WARN_UNUSED_VARIABLE = YES;
				MACOSX_DEPLOYMENT_TARGET = 10.12;
				MTL_ENABLE_DEBUG_INFO = YES;
				ONLY_ACTIVE_ARCH = YES;
				SDKROOT = macosx;
			};
			name = Debug;
		};
		A5F71D3E1F83D11B00B045C9 /* Release */ = {
			isa = XCBuildConfiguration;
			buildSettings = {
				ALWAYS_SEARCH_USER_PATHS = NO;
				CLANG_ANALYZER_NONNULL = YES;
				CLANG_ANALYZER_NUMBER_OBJECT_CONVERSION = YES_AGGRESSIVE;
				CLANG_CXX_LANGUAGE_STANDARD = "gnu++14";
				CLANG_CXX_LIBRARY = "libc++";
				CLANG_ENABLE_MODULES = YES;
				CLANG_ENABLE_OBJC_ARC = YES;
				CLANG_WARN_BLOCK_CAPTURE_AUTORELEASING = YES;
				CLANG_WARN_BOOL_CONVERSION = YES;
				CLANG_WARN_COMMA = YES;
				CLANG_WARN_CONSTANT_CONVERSION = YES;
				CLANG_WARN_DIRECT_OBJC_ISA_USAGE = YES_ERROR;
				CLANG_WARN_DOCUMENTATION_COMMENTS = YES;
				CLANG_WARN_EMPTY_BODY = YES;
				CLANG_WARN_ENUM_CONVERSION = YES;
				CLANG_WARN_INFINITE_RECURSION = YES;
				CLANG_WARN_INT_CONVERSION = YES;
				CLANG_WARN_NON_LITERAL_NULL_CONVERSION = YES;
				CLANG_WARN_OBJC_LITERAL_CONVERSION = YES;
				CLANG_WARN_OBJC_ROOT_CLASS = YES_ERROR;
				CLANG_WARN_RANGE_LOOP_ANALYSIS = YES;
				CLANG_WARN_STRICT_PROTOTYPES = YES;
				CLANG_WARN_SUSPICIOUS_MOVE = YES;
				CLANG_WARN_UNGUARDED_AVAILABILITY = YES_AGGRESSIVE;
				CLANG_WARN_UNREACHABLE_CODE = YES;
				CLANG_WARN__DUPLICATE_METHOD_MATCH = YES;
				CODE_SIGN_IDENTITY = "-";
				COPY_PHASE_STRIP = NO;
				DEBUG_INFORMATION_FORMAT = "dwarf-with-dsym";
				ENABLE_NS_ASSERTIONS = NO;
				ENABLE_STRICT_OBJC_MSGSEND = YES;
				GCC_C_LANGUAGE_STANDARD = gnu11;
				GCC_NO_COMMON_BLOCKS = YES;
				GCC_WARN_64_TO_32_BIT_CONVERSION = YES;
				GCC_WARN_ABOUT_RETURN_TYPE = YES_ERROR;
				GCC_WARN_UNDECLARED_SELECTOR = YES;
				GCC_WARN_UNINITIALIZED_AUTOS = YES_AGGRESSIVE;
				GCC_WARN_UNUSED_FUNCTION = YES;
				GCC_WARN_UNUSED_VARIABLE = YES;
				MACOSX_DEPLOYMENT_TARGET = 10.12;
				MTL_ENABLE_DEBUG_INFO = NO;
				SDKROOT = macosx;
			};
			name = Release;
		};
		A5F71D401F83D11B00B045C9 /* Debug */ = {
			isa = XCBuildConfiguration;
			buildSettings = {
				ASSETCATALOG_COMPILER_APPICON_NAME = AppIcon;
				CODE_SIGN_ENTITLEMENTS = Mangamix/Mangamix.entitlements;
				CODE_SIGN_STYLE = Automatic;
				COMBINE_HIDPI_IMAGES = YES;
				INFOPLIST_FILE = Mangamix/Info.plist;
				LD_RUNPATH_SEARCH_PATHS = "$(inherited) @executable_path/../Frameworks";
				PRODUCT_BUNDLE_IDENTIFIER = xenothe.me.Mangamix;
				PRODUCT_NAME = "$(TARGET_NAME)";
			};
			name = Debug;
		};
		A5F71D411F83D11B00B045C9 /* Release */ = {
			isa = XCBuildConfiguration;
			buildSettings = {
				ASSETCATALOG_COMPILER_APPICON_NAME = AppIcon;
				CODE_SIGN_ENTITLEMENTS = Mangamix/Mangamix.entitlements;
				CODE_SIGN_STYLE = Automatic;
				COMBINE_HIDPI_IMAGES = YES;
				INFOPLIST_FILE = Mangamix/Info.plist;
				LD_RUNPATH_SEARCH_PATHS = "$(inherited) @executable_path/../Frameworks";
				PRODUCT_BUNDLE_IDENTIFIER = xenothe.me.Mangamix;
				PRODUCT_NAME = "$(TARGET_NAME)";
			};
			name = Release;
		};
		A5F71D431F83D11B00B045C9 /* Debug */ = {
			isa = XCBuildConfiguration;
			buildSettings = {
				ALWAYS_SEARCH_USER_PATHS = NO;
				BUNDLE_LOADER = "$(TEST_HOST)";
				CODE_SIGN_STYLE = Automatic;
				COMBINE_HIDPI_IMAGES = YES;
				"HEADER_SEARCH_PATHS[arch=*]" = "";
				INFOPLIST_FILE = MangamixTests/Info.plist;
				LD_RUNPATH_SEARCH_PATHS = "$(inherited) @executable_path/../Frameworks @loader_path/../Frameworks";
				PRODUCT_BUNDLE_IDENTIFIER = xenothe.me.MangamixTests;
				PRODUCT_NAME = "$(TARGET_NAME)";
				TEST_HOST = "$(BUILT_PRODUCTS_DIR)/Mangamix.app/Contents/MacOS/Mangamix";
			};
			name = Debug;
		};
		A5F71D441F83D11B00B045C9 /* Release */ = {
			isa = XCBuildConfiguration;
			buildSettings = {
				ALWAYS_SEARCH_USER_PATHS = NO;
				BUNDLE_LOADER = "$(TEST_HOST)";
				CODE_SIGN_STYLE = Automatic;
				COMBINE_HIDPI_IMAGES = YES;
				INFOPLIST_FILE = MangamixTests/Info.plist;
				LD_RUNPATH_SEARCH_PATHS = "$(inherited) @executable_path/../Frameworks @loader_path/../Frameworks";
				PRODUCT_BUNDLE_IDENTIFIER = xenothe.me.MangamixTests;
				PRODUCT_NAME = "$(TARGET_NAME)";
				TEST_HOST = "$(BUILT_PRODUCTS_DIR)/Mangamix.app/Contents/MacOS/Mangamix";
			};
			name = Release;
		};
		A5F71D461F83D11B00B045C9 /* Debug */ = {
			isa = XCBuildConfiguration;
			buildSettings = {
				CODE_SIGN_STYLE = Automatic;
				COMBINE_HIDPI_IMAGES = YES;
				INFOPLIST_FILE = MangamixUITests/Info.plist;
				LD_RUNPATH_SEARCH_PATHS = "$(inherited) @executable_path/../Frameworks @loader_path/../Frameworks";
				PRODUCT_BUNDLE_IDENTIFIER = xenothe.me.MangamixUITests;
				PRODUCT_NAME = "$(TARGET_NAME)";
				TEST_TARGET_NAME = Mangamix;
			};
			name = Debug;
		};
		A5F71D471F83D11B00B045C9 /* Release */ = {
			isa = XCBuildConfiguration;
			buildSettings = {
				CODE_SIGN_STYLE = Automatic;
				COMBINE_HIDPI_IMAGES = YES;
				INFOPLIST_FILE = MangamixUITests/Info.plist;
				LD_RUNPATH_SEARCH_PATHS = "$(inherited) @executable_path/../Frameworks @loader_path/../Frameworks";
				PRODUCT_BUNDLE_IDENTIFIER = xenothe.me.MangamixUITests;
				PRODUCT_NAME = "$(TARGET_NAME)";
				TEST_TARGET_NAME = Mangamix;
			};
			name = Release;
		};
/* End XCBuildConfiguration section */

/* Begin XCConfigurationList section */
		A5F71D101F83D11B00B045C9 /* Build configuration list for PBXProject "Mangamix" */ = {
			isa = XCConfigurationList;
			buildConfigurations = (
				A5F71D3D1F83D11B00B045C9 /* Debug */,
				A5F71D3E1F83D11B00B045C9 /* Release */,
			);
			defaultConfigurationIsVisible = 0;
			defaultConfigurationName = Release;
		};
		A5F71D3F1F83D11B00B045C9 /* Build configuration list for PBXNativeTarget "Mangamix" */ = {
			isa = XCConfigurationList;
			buildConfigurations = (
				A5F71D401F83D11B00B045C9 /* Debug */,
				A5F71D411F83D11B00B045C9 /* Release */,
			);
			defaultConfigurationIsVisible = 0;
			defaultConfigurationName = Release;
		};
		A5F71D421F83D11B00B045C9 /* Build configuration list for PBXNativeTarget "MangamixTests" */ = {
			isa = XCConfigurationList;
			buildConfigurations = (
				A5F71D431F83D11B00B045C9 /* Debug */,
				A5F71D441F83D11B00B045C9 /* Release */,
			);
			defaultConfigurationIsVisible = 0;
			defaultConfigurationName = Release;
		};
		A5F71D451F83D11B00B045C9 /* Build configuration list for PBXNativeTarget "MangamixUITests" */ = {
			isa = XCConfigurationList;
			buildConfigurations = (
				A5F71D461F83D11B00B045C9 /* Debug */,
				A5F71D471F83D11B00B045C9 /* Release */,
			);
			defaultConfigurationIsVisible = 0;
			defaultConfigurationName = Release;
		};
/* End XCConfigurationList section */
	};
	rootObject = A5F71D0D1F83D11B00B045C9 /* Project object */;
}
